
Microsoft Visual Studio Solution File, Format Version 12.00
# Visual Studio Version 16
VisualStudioVersion = 16.0.30413.136
MinimumVisualStudioVersion = 10.0.40219.1
Project("{FAE04EC0-301F-11D3-BF4B-00C04F79EFBC}") = "FlightCodingTest_1", "FlightCodingTest_1\FlightCodingTest_1.csproj", "{C0168836-47E5-48DF-86CD-3F3C70B3F487}"
EndProject
Project("{FAE04EC0-301F-11D3-BF4B-00C04F79EFBC}") = "FlightCodingTest_2", "FlightCodingTest_2\FlightCodingTest_2.csproj", "{C2680663-BC0E-4B0F-8AD1-7779AFBF4859}"
EndProject
Global
	GlobalSection(SolutionConfigurationPlatforms) = preSolution
		Debug|Any CPU = Debug|Any CPU
		Release|Any CPU = Release|Any CPU
	EndGlobalSection
	GlobalSection(ProjectConfigurationPlatforms) = postSolution
		{C0168836-47E5-48DF-86CD-3F3C70B3F487}.Debug|Any CPU.ActiveCfg = Debug|Any CPU
		{C0168836-47E5-48DF-86CD-3F3C70B3F487}.Debug|Any CPU.Build.0 = Debug|Any CPU
		{C0168836-47E5-48DF-86CD-3F3C70B3F487}.Release|Any CPU.ActiveCfg = Release|Any CPU
		{C0168836-47E5-48DF-86CD-3F3C70B3F487}.Release|Any CPU.Build.0 = Release|Any CPU
		{C2680663-BC0E-4B0F-8AD1-7779AFBF4859}.Debug|Any CPU.ActiveCfg = Debug|Any CPU
		{C2680663-BC0E-4B0F-8AD1-7779AFBF4859}.Debug|Any CPU.Build.0 = Debug|Any CPU
		{C2680663-BC0E-4B0F-8AD1-7779AFBF4859}.Release|Any CPU.ActiveCfg = Release|Any CPU
		{C2680663-BC0E-4B0F-8AD1-7779AFBF4859}.Release|Any CPU.Build.0 = Release|Any CPU
	EndGlobalSection
	GlobalSection(SolutionProperties) = preSolution
		HideSolutionNode = FALSE
	EndGlobalSection
	GlobalSection(ExtensibilityGlobals) = postSolution
		SolutionGuid = {9308792F-96B9-49EB-8119-6E33A0FBC98B}
	EndGlobalSection
EndGlobal
